
Microsoft Visual Studio Solution File, Format Version 12.00
# Visual Studio Version 17
VisualStudioVersion = 17.5.33414.496
MinimumVisualStudioVersion = 10.0.40219.1
Project("{FAE04EC0-301F-11D3-BF4B-00C04F79EFBC}") = "NewsApi", "NewsApi\NewsApi.csproj", "{BBFB7F17-39D6-4012-A07E-AB62ABDE758B}"
EndProject
Global
	GlobalSection(SolutionConfigurationPlatforms) = preSolution
		Debug|Any CPU = Debug|Any CPU
		Release|Any CPU = Release|Any CPU
	EndGlobalSection
	GlobalSection(ProjectConfigurationPlatforms) = postSolution
		{BBFB7F17-39D6-4012-A07E-AB62ABDE758B}.Debug|Any CPU.ActiveCfg = Debug|Any CPU
		{BBFB7F17-39D6-4012-A07E-AB62ABDE758B}.Debug|Any CPU.Build.0 = Debug|Any CPU
		{BBFB7F17-39D6-4012-A07E-AB62ABDE758B}.Release|Any CPU.ActiveCfg = Release|Any CPU
		{BBFB7F17-39D6-4012-A07E-AB62ABDE758B}.Release|Any CPU.Build.0 = Release|Any CPU
	EndGlobalSection
	GlobalSection(SolutionProperties) = preSolution
		HideSolutionNode = FALSE
	EndGlobalSection
	GlobalSection(ExtensibilityGlobals) = postSolution
		SolutionGuid = {E089B6F4-5260-4820-B16B-1C27824B6839}
	EndGlobalSection
EndGlobal
